{
  "nodes": {
    "kernel-rockchip": {
      "flake": false,
      "locked": {
        "lastModified": 1687204078,
        "narHash": "sha256-RpMign78V3G74b2CcI9Rji14HD7Xc1tKNaQupE8MLtk=",
        "owner": "armbian",
        "repo": "linux-rockchip",
        "rev": "5527fc11dee7c4f22fe6e0ed3735c8af4ce0017b",
        "type": "github"
      },
      "original": {
        "owner": "armbian",
        "ref": "rk-5.10-rkr4",
        "repo": "linux-rockchip",
        "type": "github"
      }
    },
    "mesa-panfork": {
      "flake": false,
      "locked": {
        "lastModified": 1670633863,
        "narHash": "sha256-4eZHMiYS+sRDHNBtLZTA8ELZnLns7yT3USU5YQswxQ0=",
        "owner": "panfork",
        "repo": "mesa",
        "rev": "120202c675749c5ef81ae4c8cdc30019b4de08f4",
        "type": "gitlab"
      },
      "original": {
        "owner": "panfork",
        "ref": "csf",
        "repo": "mesa",
        "type": "gitlab"
      }
    },
    "nixpkgs": {
      "locked": {
        "lastModified": 1686043861,
        "narHash": "sha256-duF1U12b7vVkf2Lt6noPYVeW8dVFw4CwJmQivhyZxYQ=",
        "owner": "NixOS",
        "repo": "nixpkgs",
        "rev": "96f8f4a038a190f7511da79ef7e77bec5e4b811a",
        "type": "github"
      },
      "original": {
        "owner": "NixOS",
        "ref": "nixos-23.05-small",
        "repo": "nixpkgs",
        "type": "github"
      }
    },
    "root": {
      "inputs": {
        "kernel-rockchip": "kernel-rockchip",
        "mesa-panfork": "mesa-panfork",
        "nixpkgs": "nixpkgs"
      }
    }
  },
  "root": "root",
  "version": 7
}
