{
  "nodes": {
    "kernel-rockchip": {
      "flake": false,
      "locked": {
        "lastModified": 1691467352,
        "narHash": "sha256-9pp9OXRMY8RUq4Fn5AcYhiGeyXXDPRAm9fUVzQV5L2k=",
        "owner": "armbian",
        "repo": "linux-rockchip",
        "rev": "8cae9a3e884071996260905575b55136e2480f6b",
        "type": "github"
      },
      "original": {
        "owner": "armbian",
        "ref": "rk-5.10-rkr4",
        "repo": "linux-rockchip",
        "type": "github"
      }
    },
    "mesa-panfork": {
      "flake": false,
      "locked": {
        "lastModified": 1670633863,
        "narHash": "sha256-4eZHMiYS+sRDHNBtLZTA8ELZnLns7yT3USU5YQswxQ0=",
        "owner": "panfork",
        "repo": "mesa",
        "rev": "120202c675749c5ef81ae4c8cdc30019b4de08f4",
        "type": "gitlab"
      },
      "original": {
        "owner": "panfork",
        "ref": "csf",
        "repo": "mesa",
        "type": "gitlab"
      }
    },
    "nixpkgs": {
      "locked": {
        "lastModified": 1691486536,
        "narHash": "sha256-W2jYTn6rNiJEpjXkOiZxNltgxxwgeZE5cQ967NgsrHU=",
        "owner": "NixOS",
        "repo": "nixpkgs",
        "rev": "8fa39adf946a4470610b38fd7aff0a73ad4356c3",
        "type": "github"
      },
      "original": {
        "owner": "NixOS",
        "ref": "nixos-23.05-small",
        "repo": "nixpkgs",
        "type": "github"
      }
    },
    "root": {
      "inputs": {
        "kernel-rockchip": "kernel-rockchip",
        "mesa-panfork": "mesa-panfork",
        "nixpkgs": "nixpkgs"
      }
    }
  },
  "root": "root",
  "version": 7
}
